
Microsoft Visual Studio Solution File, Format Version 11.00
# Visual Studio 2010
Project("{FAE04EC0-301F-11D3-BF4B-00C04F79EFBC}") = "Jukebox.Api", "Jukebox.Api\Jukebox.Api.csproj", "{AA678A16-4797-4F52-8B19-AD35D7911C9A}"
EndProject
Project("{FAE04EC0-301F-11D3-BF4B-00C04F79EFBC}") = "Jukebox", "Jukebox\Jukebox.csproj", "{9BE100ED-7F01-4F01-896B-ABD7D752C7F5}"
EndProject
Project("{FAE04EC0-301F-11D3-BF4B-00C04F79EFBC}") = "Jukebox.Hosts.Application", "Jukebox.Hosts.Application\Jukebox.Hosts.Application.csproj", "{FDA69376-452E-4DBC-98D9-8B2BEFF73063}"
EndProject
Project("{FAE04EC0-301F-11D3-BF4B-00C04F79EFBC}") = "Jukebox.Api.Configuration", "Jukebox.Api.Configuration\Jukebox.Api.Configuration.csproj", "{EB7F64A4-1908-4B1D-9AFA-A5CBD95687C3}"
EndProject
Project("{FAE04EC0-301F-11D3-BF4B-00C04F79EFBC}") = "Jukebox.Tests", "Jukebox.Tests\Jukebox.Tests.csproj", "{E1DCDD89-92CB-4D2D-AF40-B6FADB2EC37F}"
EndProject
Project("{2150E333-8FDC-42A3-9474-1A3956D46DE8}") = "Solution Items", "Solution Items", "{9793A766-6D00-451B-848D-D0789F7328E3}"
	ProjectSection(SolutionItems) = preProject
		Jukebox.vsmdi = Jukebox.vsmdi
		Local.testsettings = Local.testsettings
		TraceAndTestImpact.testsettings = TraceAndTestImpact.testsettings
	EndProjectSection
EndProject
Project("{FAE04EC0-301F-11D3-BF4B-00C04F79EFBC}") = "Jukebox.Extensions.Misc.StartupLogo", "Jukebox.Extensions.Misc.StartupLogo\Jukebox.Extensions.Misc.StartupLogo.csproj", "{8D23B01C-D2C5-4837-BE81-98A88F35895E}"
EndProject
Project("{FAE04EC0-301F-11D3-BF4B-00C04F79EFBC}") = "Jukebox.Extensions.Interfaces.TrayControlCenter", "Jukebox.Extensions.Interfaces.TrayControlCenter\Jukebox.Extensions.Interfaces.TrayControlCenter.csproj", "{7DB6F72C-C7AD-4AA4-9F92-28A16DFA148B}"
EndProject
Project("{FAE04EC0-301F-11D3-BF4B-00C04F79EFBC}") = "Jukebox.Extensions.TrackProviders.DownloadFile", "Jukebox.Extensions.TrackProviders.DownloadFile\Jukebox.Extensions.TrackProviders.DownloadFile.csproj", "{8AF04E86-93D5-4CDF-9426-DFB89E7EF83F}"
EndProject
Project("{2150E333-8FDC-42A3-9474-1A3956D46DE8}") = ".nuget", ".nuget", "{2860C2D6-3695-46C1-A53A-82B8AE1BC76B}"
	ProjectSection(SolutionItems) = preProject
		.nuget\NuGet.Config = .nuget\NuGet.Config
		.nuget\NuGet.exe = .nuget\NuGet.exe
		.nuget\NuGet.targets = .nuget\NuGet.targets
	EndProjectSection
EndProject
Project("{FAE04EC0-301F-11D3-BF4B-00C04F79EFBC}") = "Jukebox.Extensions.TrackProviders.VkCom", "Jukebox.Extensions.TrackProviders.VkCom\Jukebox.Extensions.TrackProviders.VkCom.csproj", "{CEBDCF23-B0B9-4C0D-8FB5-F3B154BF4F5D}"
EndProject
Project("{FAE04EC0-301F-11D3-BF4B-00C04F79EFBC}") = "Jukebox.Api.OAuth", "Jukebox.Api.OAuth\Jukebox.Api.OAuth.csproj", "{7781F4D3-7A4A-4348-B130-DD7521C8A4A6}"
EndProject
Project("{FAE04EC0-301F-11D3-BF4B-00C04F79EFBC}") = "Jukebox.Extensions.Interfaces.Web", "Jukebox.Extensions.Interfaces.Web\Jukebox.Extensions.Interfaces.Web.csproj", "{45B26B03-5671-4BCA-BEE2-EA8073096D50}"
EndProject
Global
	GlobalSection(TestCaseManagementSettings) = postSolution
		CategoryFile = Jukebox.vsmdi
	EndGlobalSection
	GlobalSection(SolutionConfigurationPlatforms) = preSolution
		Debug|Any CPU = Debug|Any CPU
		Debug|Mixed Platforms = Debug|Mixed Platforms
		Debug|x86 = Debug|x86
		Release|Any CPU = Release|Any CPU
		Release|Mixed Platforms = Release|Mixed Platforms
		Release|x86 = Release|x86
	EndGlobalSection
	GlobalSection(ProjectConfigurationPlatforms) = postSolution
		{AA678A16-4797-4F52-8B19-AD35D7911C9A}.Debug|Any CPU.ActiveCfg = Debug|Any CPU
		{AA678A16-4797-4F52-8B19-AD35D7911C9A}.Debug|Any CPU.Build.0 = Debug|Any CPU
		{AA678A16-4797-4F52-8B19-AD35D7911C9A}.Debug|Mixed Platforms.ActiveCfg = Debug|Any CPU
		{AA678A16-4797-4F52-8B19-AD35D7911C9A}.Debug|Mixed Platforms.Build.0 = Debug|Any CPU
		{AA678A16-4797-4F52-8B19-AD35D7911C9A}.Debug|x86.ActiveCfg = Debug|Any CPU
		{AA678A16-4797-4F52-8B19-AD35D7911C9A}.Release|Any CPU.ActiveCfg = Release|Any CPU
		{AA678A16-4797-4F52-8B19-AD35D7911C9A}.Release|Any CPU.Build.0 = Release|Any CPU
		{AA678A16-4797-4F52-8B19-AD35D7911C9A}.Release|Mixed Platforms.ActiveCfg = Release|Any CPU
		{AA678A16-4797-4F52-8B19-AD35D7911C9A}.Release|Mixed Platforms.Build.0 = Release|Any CPU
		{AA678A16-4797-4F52-8B19-AD35D7911C9A}.Release|x86.ActiveCfg = Release|Any CPU
		{9BE100ED-7F01-4F01-896B-ABD7D752C7F5}.Debug|Any CPU.ActiveCfg = Debug|Any CPU
		{9BE100ED-7F01-4F01-896B-ABD7D752C7F5}.Debug|Any CPU.Build.0 = Debug|Any CPU
		{9BE100ED-7F01-4F01-896B-ABD7D752C7F5}.Debug|Mixed Platforms.ActiveCfg = Debug|Any CPU
		{9BE100ED-7F01-4F01-896B-ABD7D752C7F5}.Debug|Mixed Platforms.Build.0 = Debug|Any CPU
		{9BE100ED-7F01-4F01-896B-ABD7D752C7F5}.Debug|x86.ActiveCfg = Debug|Any CPU
		{9BE100ED-7F01-4F01-896B-ABD7D752C7F5}.Release|Any CPU.ActiveCfg = Release|Any CPU
		{9BE100ED-7F01-4F01-896B-ABD7D752C7F5}.Release|Any CPU.Build.0 = Release|Any CPU
		{9BE100ED-7F01-4F01-896B-ABD7D752C7F5}.Release|Mixed Platforms.ActiveCfg = Release|Any CPU
		{9BE100ED-7F01-4F01-896B-ABD7D752C7F5}.Release|Mixed Platforms.Build.0 = Release|Any CPU
		{9BE100ED-7F01-4F01-896B-ABD7D752C7F5}.Release|x86.ActiveCfg = Release|Any CPU
		{FDA69376-452E-4DBC-98D9-8B2BEFF73063}.Debug|Any CPU.ActiveCfg = Debug|x86
		{FDA69376-452E-4DBC-98D9-8B2BEFF73063}.Debug|Mixed Platforms.ActiveCfg = Debug|x86
		{FDA69376-452E-4DBC-98D9-8B2BEFF73063}.Debug|Mixed Platforms.Build.0 = Debug|x86
		{FDA69376-452E-4DBC-98D9-8B2BEFF73063}.Debug|x86.ActiveCfg = Debug|x86
		{FDA69376-452E-4DBC-98D9-8B2BEFF73063}.Debug|x86.Build.0 = Debug|x86
		{FDA69376-452E-4DBC-98D9-8B2BEFF73063}.Release|Any CPU.ActiveCfg = Release|x86
		{FDA69376-452E-4DBC-98D9-8B2BEFF73063}.Release|Mixed Platforms.ActiveCfg = Release|x86
		{FDA69376-452E-4DBC-98D9-8B2BEFF73063}.Release|Mixed Platforms.Build.0 = Release|x86
		{FDA69376-452E-4DBC-98D9-8B2BEFF73063}.Release|x86.ActiveCfg = Release|x86
		{FDA69376-452E-4DBC-98D9-8B2BEFF73063}.Release|x86.Build.0 = Release|x86
		{EB7F64A4-1908-4B1D-9AFA-A5CBD95687C3}.Debug|Any CPU.ActiveCfg = Debug|Any CPU
		{EB7F64A4-1908-4B1D-9AFA-A5CBD95687C3}.Debug|Any CPU.Build.0 = Debug|Any CPU
		{EB7F64A4-1908-4B1D-9AFA-A5CBD95687C3}.Debug|Mixed Platforms.ActiveCfg = Debug|Any CPU
		{EB7F64A4-1908-4B1D-9AFA-A5CBD95687C3}.Debug|Mixed Platforms.Build.0 = Debug|Any CPU
		{EB7F64A4-1908-4B1D-9AFA-A5CBD95687C3}.Debug|x86.ActiveCfg = Debug|Any CPU
		{EB7F64A4-1908-4B1D-9AFA-A5CBD95687C3}.Release|Any CPU.ActiveCfg = Release|Any CPU
		{EB7F64A4-1908-4B1D-9AFA-A5CBD95687C3}.Release|Any CPU.Build.0 = Release|Any CPU
		{EB7F64A4-1908-4B1D-9AFA-A5CBD95687C3}.Release|Mixed Platforms.ActiveCfg = Release|Any CPU
		{EB7F64A4-1908-4B1D-9AFA-A5CBD95687C3}.Release|Mixed Platforms.Build.0 = Release|Any CPU
		{EB7F64A4-1908-4B1D-9AFA-A5CBD95687C3}.Release|x86.ActiveCfg = Release|Any CPU
		{E1DCDD89-92CB-4D2D-AF40-B6FADB2EC37F}.Debug|Any CPU.ActiveCfg = Debug|Any CPU
		{E1DCDD89-92CB-4D2D-AF40-B6FADB2EC37F}.Debug|Any CPU.Build.0 = Debug|Any CPU
		{E1DCDD89-92CB-4D2D-AF40-B6FADB2EC37F}.Debug|Mixed Platforms.ActiveCfg = Debug|Any CPU
		{E1DCDD89-92CB-4D2D-AF40-B6FADB2EC37F}.Debug|Mixed Platforms.Build.0 = Debug|Any CPU
		{E1DCDD89-92CB-4D2D-AF40-B6FADB2EC37F}.Debug|x86.ActiveCfg = Debug|Any CPU
		{E1DCDD89-92CB-4D2D-AF40-B6FADB2EC37F}.Release|Any CPU.ActiveCfg = Release|Any CPU
		{E1DCDD89-92CB-4D2D-AF40-B6FADB2EC37F}.Release|Any CPU.Build.0 = Release|Any CPU
		{E1DCDD89-92CB-4D2D-AF40-B6FADB2EC37F}.Release|Mixed Platforms.ActiveCfg = Release|Any CPU
		{E1DCDD89-92CB-4D2D-AF40-B6FADB2EC37F}.Release|Mixed Platforms.Build.0 = Release|Any CPU
		{E1DCDD89-92CB-4D2D-AF40-B6FADB2EC37F}.Release|x86.ActiveCfg = Release|Any CPU
		{8D23B01C-D2C5-4837-BE81-98A88F35895E}.Debug|Any CPU.ActiveCfg = Debug|x86
		{8D23B01C-D2C5-4837-BE81-98A88F35895E}.Debug|Mixed Platforms.ActiveCfg = Debug|x86
		{8D23B01C-D2C5-4837-BE81-98A88F35895E}.Debug|Mixed Platforms.Build.0 = Debug|x86
		{8D23B01C-D2C5-4837-BE81-98A88F35895E}.Debug|x86.ActiveCfg = Debug|x86
		{8D23B01C-D2C5-4837-BE81-98A88F35895E}.Debug|x86.Build.0 = Debug|x86
		{8D23B01C-D2C5-4837-BE81-98A88F35895E}.Release|Any CPU.ActiveCfg = Release|x86
		{8D23B01C-D2C5-4837-BE81-98A88F35895E}.Release|Mixed Platforms.ActiveCfg = Release|x86
		{8D23B01C-D2C5-4837-BE81-98A88F35895E}.Release|Mixed Platforms.Build.0 = Release|x86
		{8D23B01C-D2C5-4837-BE81-98A88F35895E}.Release|x86.ActiveCfg = Release|x86
		{8D23B01C-D2C5-4837-BE81-98A88F35895E}.Release|x86.Build.0 = Release|x86
		{7DB6F72C-C7AD-4AA4-9F92-28A16DFA148B}.Debug|Any CPU.ActiveCfg = Debug|x86
		{7DB6F72C-C7AD-4AA4-9F92-28A16DFA148B}.Debug|Mixed Platforms.ActiveCfg = Debug|x86
		{7DB6F72C-C7AD-4AA4-9F92-28A16DFA148B}.Debug|Mixed Platforms.Build.0 = Debug|x86
		{7DB6F72C-C7AD-4AA4-9F92-28A16DFA148B}.Debug|x86.ActiveCfg = Debug|x86
		{7DB6F72C-C7AD-4AA4-9F92-28A16DFA148B}.Debug|x86.Build.0 = Debug|x86
		{7DB6F72C-C7AD-4AA4-9F92-28A16DFA148B}.Release|Any CPU.ActiveCfg = Release|x86
		{7DB6F72C-C7AD-4AA4-9F92-28A16DFA148B}.Release|Mixed Platforms.ActiveCfg = Release|x86
		{7DB6F72C-C7AD-4AA4-9F92-28A16DFA148B}.Release|Mixed Platforms.Build.0 = Release|x86
		{7DB6F72C-C7AD-4AA4-9F92-28A16DFA148B}.Release|x86.ActiveCfg = Release|x86
		{7DB6F72C-C7AD-4AA4-9F92-28A16DFA148B}.Release|x86.Build.0 = Release|x86
		{8AF04E86-93D5-4CDF-9426-DFB89E7EF83F}.Debug|Any CPU.ActiveCfg = Debug|Any CPU
		{8AF04E86-93D5-4CDF-9426-DFB89E7EF83F}.Debug|Any CPU.Build.0 = Debug|Any CPU
		{8AF04E86-93D5-4CDF-9426-DFB89E7EF83F}.Debug|Mixed Platforms.ActiveCfg = Debug|Any CPU
		{8AF04E86-93D5-4CDF-9426-DFB89E7EF83F}.Debug|Mixed Platforms.Build.0 = Debug|Any CPU
		{8AF04E86-93D5-4CDF-9426-DFB89E7EF83F}.Debug|x86.ActiveCfg = Debug|Any CPU
		{8AF04E86-93D5-4CDF-9426-DFB89E7EF83F}.Release|Any CPU.ActiveCfg = Release|Any CPU
		{8AF04E86-93D5-4CDF-9426-DFB89E7EF83F}.Release|Any CPU.Build.0 = Release|Any CPU
		{8AF04E86-93D5-4CDF-9426-DFB89E7EF83F}.Release|Mixed Platforms.ActiveCfg = Release|Any CPU
		{8AF04E86-93D5-4CDF-9426-DFB89E7EF83F}.Release|Mixed Platforms.Build.0 = Release|Any CPU
		{8AF04E86-93D5-4CDF-9426-DFB89E7EF83F}.Release|x86.ActiveCfg = Release|Any CPU
		{CEBDCF23-B0B9-4C0D-8FB5-F3B154BF4F5D}.Debug|Any CPU.ActiveCfg = Debug|Any CPU
		{CEBDCF23-B0B9-4C0D-8FB5-F3B154BF4F5D}.Debug|Any CPU.Build.0 = Debug|Any CPU
		{CEBDCF23-B0B9-4C0D-8FB5-F3B154BF4F5D}.Debug|Mixed Platforms.ActiveCfg = Debug|Any CPU
		{CEBDCF23-B0B9-4C0D-8FB5-F3B154BF4F5D}.Debug|Mixed Platforms.Build.0 = Debug|Any CPU
		{CEBDCF23-B0B9-4C0D-8FB5-F3B154BF4F5D}.Debug|x86.ActiveCfg = Debug|Any CPU
		{CEBDCF23-B0B9-4C0D-8FB5-F3B154BF4F5D}.Release|Any CPU.ActiveCfg = Release|Any CPU
		{CEBDCF23-B0B9-4C0D-8FB5-F3B154BF4F5D}.Release|Any CPU.Build.0 = Release|Any CPU
		{CEBDCF23-B0B9-4C0D-8FB5-F3B154BF4F5D}.Release|Mixed Platforms.ActiveCfg = Release|Any CPU
		{CEBDCF23-B0B9-4C0D-8FB5-F3B154BF4F5D}.Release|Mixed Platforms.Build.0 = Release|Any CPU
		{CEBDCF23-B0B9-4C0D-8FB5-F3B154BF4F5D}.Release|x86.ActiveCfg = Release|Any CPU
		{7781F4D3-7A4A-4348-B130-DD7521C8A4A6}.Debug|Any CPU.ActiveCfg = Debug|Any CPU
		{7781F4D3-7A4A-4348-B130-DD7521C8A4A6}.Debug|Any CPU.Build.0 = Debug|Any CPU
		{7781F4D3-7A4A-4348-B130-DD7521C8A4A6}.Debug|Mixed Platforms.ActiveCfg = Debug|Any CPU
		{7781F4D3-7A4A-4348-B130-DD7521C8A4A6}.Debug|Mixed Platforms.Build.0 = Debug|Any CPU
		{7781F4D3-7A4A-4348-B130-DD7521C8A4A6}.Debug|x86.ActiveCfg = Debug|Any CPU
		{7781F4D3-7A4A-4348-B130-DD7521C8A4A6}.Release|Any CPU.ActiveCfg = Release|Any CPU
		{7781F4D3-7A4A-4348-B130-DD7521C8A4A6}.Release|Any CPU.Build.0 = Release|Any CPU
		{7781F4D3-7A4A-4348-B130-DD7521C8A4A6}.Release|Mixed Platforms.ActiveCfg = Release|Any CPU
		{7781F4D3-7A4A-4348-B130-DD7521C8A4A6}.Release|Mixed Platforms.Build.0 = Release|Any CPU
		{7781F4D3-7A4A-4348-B130-DD7521C8A4A6}.Release|x86.ActiveCfg = Release|Any CPU
		{45B26B03-5671-4BCA-BEE2-EA8073096D50}.Debug|Any CPU.ActiveCfg = Debug|Any CPU
		{45B26B03-5671-4BCA-BEE2-EA8073096D50}.Debug|Any CPU.Build.0 = Debug|Any CPU
		{45B26B03-5671-4BCA-BEE2-EA8073096D50}.Debug|Mixed Platforms.ActiveCfg = Debug|Any CPU
		{45B26B03-5671-4BCA-BEE2-EA8073096D50}.Debug|Mixed Platforms.Build.0 = Debug|Any CPU
		{45B26B03-5671-4BCA-BEE2-EA8073096D50}.Debug|x86.ActiveCfg = Debug|Any CPU
		{45B26B03-5671-4BCA-BEE2-EA8073096D50}.Release|Any CPU.ActiveCfg = Release|Any CPU
		{45B26B03-5671-4BCA-BEE2-EA8073096D50}.Release|Any CPU.Build.0 = Release|Any CPU
		{45B26B03-5671-4BCA-BEE2-EA8073096D50}.Release|Mixed Platforms.ActiveCfg = Release|Any CPU
		{45B26B03-5671-4BCA-BEE2-EA8073096D50}.Release|Mixed Platforms.Build.0 = Release|Any CPU
		{45B26B03-5671-4BCA-BEE2-EA8073096D50}.Release|x86.ActiveCfg = Release|Any CPU
	EndGlobalSection
	GlobalSection(SolutionProperties) = preSolution
		HideSolutionNode = FALSE
	EndGlobalSection
EndGlobal
